
Microsoft Visual Studio Solution File, Format Version 11.00
# Visual Studio 2010
Project("{2150E333-8FDC-42A3-9474-1A3956D46DE8}") = "Solution Items", "Solution Items", "{187E9235-C337-45C7-9122-4FBB7052C69A}"
	ProjectSection(SolutionItems) = preProject
		AuditLogger.vsmdi = AuditLogger.vsmdi
		LocalTestRun.testrunconfig = LocalTestRun.testrunconfig
	EndProjectSection
EndProject
Project("{FAE04EC0-301F-11D3-BF4B-00C04F79EFBC}") = "TF.FocusPay.AuditLogger", "TF.FocusPay.AuditLogger\TF.FocusPay.AuditLogger.csproj", "{5844A44E-30F9-40F0-B4A4-762DE9B93BD9}"
EndProject
Global
	GlobalSection(TestCaseManagementSettings) = postSolution
		CategoryFile = AuditLogger.vsmdi
	EndGlobalSection
	GlobalSection(SolutionConfigurationPlatforms) = preSolution
		Debug|Any CPU = Debug|Any CPU
		Release|Any CPU = Release|Any CPU
	EndGlobalSection
	GlobalSection(ProjectConfigurationPlatforms) = postSolution
		{5844A44E-30F9-40F0-B4A4-762DE9B93BD9}.Debug|Any CPU.ActiveCfg = Debug|Any CPU
		{5844A44E-30F9-40F0-B4A4-762DE9B93BD9}.Debug|Any CPU.Build.0 = Debug|Any CPU
		{5844A44E-30F9-40F0-B4A4-762DE9B93BD9}.Release|Any CPU.ActiveCfg = Release|Any CPU
		{5844A44E-30F9-40F0-B4A4-762DE9B93BD9}.Release|Any CPU.Build.0 = Release|Any CPU
	EndGlobalSection
	GlobalSection(SolutionProperties) = preSolution
		HideSolutionNode = FALSE
	EndGlobalSection
EndGlobal
