
Microsoft Visual Studio Solution File, Format Version 11.00
# Visual Studio 2010
Project("{2150E333-8FDC-42A3-9474-1A3956D46DE8}") = "Custom Configuration Sections", "Custom Configuration Sections", "{39C8403F-A1F2-495C-B284-BFE6CF60F98D}"
EndProject
Project("{2150E333-8FDC-42A3-9474-1A3956D46DE8}") = "GMapsConfiguration", "GMapsConfiguration", "{A5B04D9A-E53F-41D7-8E49-78A7E83AC58B}"
EndProject
Project("{2150E333-8FDC-42A3-9474-1A3956D46DE8}") = "ReportConfiguration", "ReportConfiguration", "{BEB38BE5-7677-47B4-BCF6-5DFF626CD9F2}"
EndProject
Project("{2150E333-8FDC-42A3-9474-1A3956D46DE8}") = "SSRSConfiguration", "SSRSConfiguration", "{24C0C143-EFAE-46A3-9BEE-E8AF1AFB8DE6}"
EndProject
Project("{2150E333-8FDC-42A3-9474-1A3956D46DE8}") = "Data Access Layer", "Data Access Layer", "{F9D0AE7F-0D21-40CE-ABD2-E5B910EB5094}"
EndProject
Project("{2150E333-8FDC-42A3-9474-1A3956D46DE8}") = "Business Layer", "Business Layer", "{EAE71828-3102-4194-9FB1-ACF6D1491721}"
EndProject
Project("{2150E333-8FDC-42A3-9474-1A3956D46DE8}") = "Service Layer", "Service Layer", "{A76C2C3D-B852-420C-960B-D703EB1376A7}"
EndProject
Project("{2150E333-8FDC-42A3-9474-1A3956D46DE8}") = "Application Layer", "Application Layer", "{6E48690A-FFB4-43A5-AAE3-23C9E7E91F81}"
EndProject
Project("{2150E333-8FDC-42A3-9474-1A3956D46DE8}") = "Hosting", "Hosting", "{02601B2D-F755-418F-8989-0D0E72178C79}"
EndProject
Project("{2150E333-8FDC-42A3-9474-1A3956D46DE8}") = "Installer", "Installer", "{38C8C1AE-5EB8-40FD-99E9-1AFC2BB9BEB0}"
EndProject
Project("{2150E333-8FDC-42A3-9474-1A3956D46DE8}") = "Custom Action", "Custom Action", "{C08CF98F-DF68-4B02-9147-9A4CDF21C59A}"
EndProject
Project("{FAE04EC0-301F-11D3-BF4B-00C04F79EFBC}") = "TF.ReceiptManager.IRGen", "TF.ReceiptManager.IRGen\TF.ReceiptManager.IRGen.csproj", "{E5879CD0-3266-451E-8A7F-11E9A63CA5DF}"
EndProject
Project("{FAE04EC0-301F-11D3-BF4B-00C04F79EFBC}") = "TF.ReceiptManager.DataAccessLayer", "TF.ReceiptManager.DataAccessLayer\TF.ReceiptManager.DataAccessLayer.csproj", "{3A1694B1-EC99-459A-AB3A-421A5ACD38B5}"
EndProject
Project("{FAE04EC0-301F-11D3-BF4B-00C04F79EFBC}") = "TF.ReceiptManager.RGen", "TF.ReceiptManager.RGen\TF.ReceiptManager.RGen.csproj", "{C54AD20E-B06E-4C6B-A1B0-7EAA18880068}"
EndProject
Project("{FAE04EC0-301F-11D3-BF4B-00C04F79EFBC}") = "TF.ReceiptManager.ReportConfiguration", "TF.ReceiptManager.ReportConfigurationSection\TF.ReceiptManager.ReportConfiguration.csproj", "{C8D034FC-B565-4CE4-8AD8-9D2174261AF6}"
EndProject
Project("{FAE04EC0-301F-11D3-BF4B-00C04F79EFBC}") = "TF.ReceiptManager.Service", "TF.ReceiptManager.Service\TF.ReceiptManager.Service.csproj", "{EAD89303-E2D3-4A2D-9A49-AFFA8A624F8B}"
EndProject
Project("{FAE04EC0-301F-11D3-BF4B-00C04F79EFBC}") = "TF.ReceiptManager.GMapsConfiguration", "TF.ReceiptManager.GMapsConfiguration\TF.ReceiptManager.GMapsConfiguration.csproj", "{EB759070-C714-4A85-A22E-22782E4C03FE}"
EndProject
Project("{FAE04EC0-301F-11D3-BF4B-00C04F79EFBC}") = "TF.ReceiptManager.BusinessLayer", "TF.ReceiptManager.BusinessLayer\TF.ReceiptManager.BusinessLayer.csproj", "{A14177D0-4322-43B4-9C85-7D4313DB1D2D}"
EndProject
Project("{54435603-DBB4-11D2-8724-00A0C9A8B90C}") = "ReceiptManager Installer", "ReceiptManager Installer\ReceiptManager Installer.vdproj", "{E49B340C-908B-473B-BA03-50793BC265F5}"
EndProject
Project("{FAE04EC0-301F-11D3-BF4B-00C04F79EFBC}") = "TF.ReceiptManager.CustomAction", "TF.ReceiptManager.CustomAction\TF.ReceiptManager.CustomAction.csproj", "{8E33EDF2-6CA1-4223-BEDF-0A7602C25B30}"
EndProject
Project("{FAE04EC0-301F-11D3-BF4B-00C04F79EFBC}") = "TF.ReceiptManager.SSRSConfiguration", "TF.ReceiptManager.SSRSConfiguration\TF.ReceiptManager.SSRSConfiguration.csproj", "{3973BA42-B282-464B-A0FC-4357E102B710}"
EndProject
Global
	GlobalSection(SolutionConfigurationPlatforms) = preSolution
		Debug|Any CPU = Debug|Any CPU
		Release|Any CPU = Release|Any CPU
	EndGlobalSection
	GlobalSection(ProjectConfigurationPlatforms) = postSolution
		{E5879CD0-3266-451E-8A7F-11E9A63CA5DF}.Debug|Any CPU.ActiveCfg = Debug|Any CPU
		{E5879CD0-3266-451E-8A7F-11E9A63CA5DF}.Debug|Any CPU.Build.0 = Debug|Any CPU
		{E5879CD0-3266-451E-8A7F-11E9A63CA5DF}.Release|Any CPU.ActiveCfg = Release|Any CPU
		{E5879CD0-3266-451E-8A7F-11E9A63CA5DF}.Release|Any CPU.Build.0 = Release|Any CPU
		{3A1694B1-EC99-459A-AB3A-421A5ACD38B5}.Debug|Any CPU.ActiveCfg = Debug|Any CPU
		{3A1694B1-EC99-459A-AB3A-421A5ACD38B5}.Debug|Any CPU.Build.0 = Debug|Any CPU
		{3A1694B1-EC99-459A-AB3A-421A5ACD38B5}.Release|Any CPU.ActiveCfg = Release|Any CPU
		{3A1694B1-EC99-459A-AB3A-421A5ACD38B5}.Release|Any CPU.Build.0 = Release|Any CPU
		{C54AD20E-B06E-4C6B-A1B0-7EAA18880068}.Debug|Any CPU.ActiveCfg = Debug|Any CPU
		{C54AD20E-B06E-4C6B-A1B0-7EAA18880068}.Debug|Any CPU.Build.0 = Debug|Any CPU
		{C54AD20E-B06E-4C6B-A1B0-7EAA18880068}.Release|Any CPU.ActiveCfg = Release|Any CPU
		{C54AD20E-B06E-4C6B-A1B0-7EAA18880068}.Release|Any CPU.Build.0 = Release|Any CPU
		{C8D034FC-B565-4CE4-8AD8-9D2174261AF6}.Debug|Any CPU.ActiveCfg = Debug|Any CPU
		{C8D034FC-B565-4CE4-8AD8-9D2174261AF6}.Debug|Any CPU.Build.0 = Debug|Any CPU
		{C8D034FC-B565-4CE4-8AD8-9D2174261AF6}.Release|Any CPU.ActiveCfg = Release|Any CPU
		{C8D034FC-B565-4CE4-8AD8-9D2174261AF6}.Release|Any CPU.Build.0 = Release|Any CPU
		{EAD89303-E2D3-4A2D-9A49-AFFA8A624F8B}.Debug|Any CPU.ActiveCfg = Debug|Any CPU
		{EAD89303-E2D3-4A2D-9A49-AFFA8A624F8B}.Debug|Any CPU.Build.0 = Debug|Any CPU
		{EAD89303-E2D3-4A2D-9A49-AFFA8A624F8B}.Release|Any CPU.ActiveCfg = Release|Any CPU
		{EAD89303-E2D3-4A2D-9A49-AFFA8A624F8B}.Release|Any CPU.Build.0 = Release|Any CPU
		{EB759070-C714-4A85-A22E-22782E4C03FE}.Debug|Any CPU.ActiveCfg = Debug|Any CPU
		{EB759070-C714-4A85-A22E-22782E4C03FE}.Debug|Any CPU.Build.0 = Debug|Any CPU
		{EB759070-C714-4A85-A22E-22782E4C03FE}.Release|Any CPU.ActiveCfg = Release|Any CPU
		{EB759070-C714-4A85-A22E-22782E4C03FE}.Release|Any CPU.Build.0 = Release|Any CPU
		{A14177D0-4322-43B4-9C85-7D4313DB1D2D}.Debug|Any CPU.ActiveCfg = Debug|Any CPU
		{A14177D0-4322-43B4-9C85-7D4313DB1D2D}.Debug|Any CPU.Build.0 = Debug|Any CPU
		{A14177D0-4322-43B4-9C85-7D4313DB1D2D}.Release|Any CPU.ActiveCfg = Release|Any CPU
		{A14177D0-4322-43B4-9C85-7D4313DB1D2D}.Release|Any CPU.Build.0 = Release|Any CPU
		{E49B340C-908B-473B-BA03-50793BC265F5}.Debug|Any CPU.ActiveCfg = Debug
		{E49B340C-908B-473B-BA03-50793BC265F5}.Debug|Any CPU.Build.0 = Debug
		{E49B340C-908B-473B-BA03-50793BC265F5}.Release|Any CPU.ActiveCfg = Release
		{E49B340C-908B-473B-BA03-50793BC265F5}.Release|Any CPU.Build.0 = Release
		{8E33EDF2-6CA1-4223-BEDF-0A7602C25B30}.Debug|Any CPU.ActiveCfg = Debug|Any CPU
		{8E33EDF2-6CA1-4223-BEDF-0A7602C25B30}.Debug|Any CPU.Build.0 = Debug|Any CPU
		{8E33EDF2-6CA1-4223-BEDF-0A7602C25B30}.Release|Any CPU.ActiveCfg = Release|Any CPU
		{8E33EDF2-6CA1-4223-BEDF-0A7602C25B30}.Release|Any CPU.Build.0 = Release|Any CPU
		{3973BA42-B282-464B-A0FC-4357E102B710}.Debug|Any CPU.ActiveCfg = Debug|Any CPU
		{3973BA42-B282-464B-A0FC-4357E102B710}.Debug|Any CPU.Build.0 = Debug|Any CPU
		{3973BA42-B282-464B-A0FC-4357E102B710}.Release|Any CPU.ActiveCfg = Release|Any CPU
		{3973BA42-B282-464B-A0FC-4357E102B710}.Release|Any CPU.Build.0 = Release|Any CPU
	EndGlobalSection
	GlobalSection(SolutionProperties) = preSolution
		HideSolutionNode = FALSE
	EndGlobalSection
	GlobalSection(NestedProjects) = preSolution
		{A5B04D9A-E53F-41D7-8E49-78A7E83AC58B} = {39C8403F-A1F2-495C-B284-BFE6CF60F98D}
		{BEB38BE5-7677-47B4-BCF6-5DFF626CD9F2} = {39C8403F-A1F2-495C-B284-BFE6CF60F98D}
		{24C0C143-EFAE-46A3-9BEE-E8AF1AFB8DE6} = {39C8403F-A1F2-495C-B284-BFE6CF60F98D}
		{EB759070-C714-4A85-A22E-22782E4C03FE} = {A5B04D9A-E53F-41D7-8E49-78A7E83AC58B}
		{C8D034FC-B565-4CE4-8AD8-9D2174261AF6} = {BEB38BE5-7677-47B4-BCF6-5DFF626CD9F2}
		{3973BA42-B282-464B-A0FC-4357E102B710} = {24C0C143-EFAE-46A3-9BEE-E8AF1AFB8DE6}
		{3A1694B1-EC99-459A-AB3A-421A5ACD38B5} = {F9D0AE7F-0D21-40CE-ABD2-E5B910EB5094}
		{A14177D0-4322-43B4-9C85-7D4313DB1D2D} = {EAE71828-3102-4194-9FB1-ACF6D1491721}
		{E5879CD0-3266-451E-8A7F-11E9A63CA5DF} = {A76C2C3D-B852-420C-960B-D703EB1376A7}
		{C54AD20E-B06E-4C6B-A1B0-7EAA18880068} = {6E48690A-FFB4-43A5-AAE3-23C9E7E91F81}
		{EAD89303-E2D3-4A2D-9A49-AFFA8A624F8B} = {02601B2D-F755-418F-8989-0D0E72178C79}
		{C08CF98F-DF68-4B02-9147-9A4CDF21C59A} = {38C8C1AE-5EB8-40FD-99E9-1AFC2BB9BEB0}
		{E49B340C-908B-473B-BA03-50793BC265F5} = {38C8C1AE-5EB8-40FD-99E9-1AFC2BB9BEB0}
		{8E33EDF2-6CA1-4223-BEDF-0A7602C25B30} = {C08CF98F-DF68-4B02-9147-9A4CDF21C59A}
	EndGlobalSection
EndGlobal
